code.google.com/p/go-uuid/uuid #7dda39b2e7d5e265014674c5af696ba4186679e9
code.google.com/p/snappy-go #12e4b4183793ac4b061921e7980845e750679fd0
github.com/BurntSushi/toml #2ceedfee35ad3848e49308ab0c9a4f640cfb5fb2
github.com/bitly/go-nsq #9e7c9905da034e545b041cb31bc9737d533804da
github.com/bitly/go-simplejson #3378bdcb5cebedcbf8b5750edee28010f128fe24
github.com/bitly/nsq/nsqd #4bb70fa1433f486fde6028477e8ed4ffb8d3b373
github.com/garyburd/redigo/redis #8d6d4f929affa96b443abd7fdb5a32ffc27865dc
github.com/mreiferson/go-snappystream #ede2c4dd462ca9e88bd67a0c15fde29fb352b968
github.com/op/go-logging #c1b91128b40ead0e98dbc63cde57c0541feaa6c1
github.com/pressly/gohttpware/... #5a4f361250fa98b19c736ab59eb409bdb98fe4a6
github.com/zenazn/goji #17b9035bcd162f59e1a1247d4a755124c37052c5
github.com/zenazn/goji/graceful #17b9035bcd162f59e1a1247d4a755124c37052c5
github.com/zenazn/goji/web #17b9035bcd162f59e1a1247d4a755124c37052c5
github.com/zenazn/goji/web/middleware #17b9035bcd162f59e1a1247d4a755124c37052c5
