code.google.com/p/go-uuid/uuid #7dda39b2e7d5e265014674c5af696ba4186679e9
code.google.com/p/snappy-go #12e4b4183793ac4b061921e7980845e750679fd0
github.com/BurntSushi/toml #bd2bdf7f18f849530ef7a1c29a4290217cab32a1
github.com/bitly/go-nsq #15045438e48e3f0bb674b7aff030d09c03ba9ae3
github.com/bitly/go-simplejson #3378bdcb5cebedcbf8b5750edee28010f128fe24
github.com/garyburd/redigo/redis #1c7841955920910958c71b1cc1a03f628267d468
github.com/mreiferson/go-snappystream #1b797cacee7ec50520c163fdbf7743e35800249c
github.com/op/go-logging #c1b91128b40ead0e98dbc63cde57c0541feaa6c1
github.com/pressly/gohttpware/... #a42c7bb82a148887077f0e2bc397fb30e68a33c7
github.com/tobi/airbrake-go #ce0ba05e080ba9d755c544ffa703a2a4dc0c6ecf
github.com/zenazn/goji/graceful #32da78b2dfeb2f5353e3b14a54a1b30d356e979c
github.com/zenazn/goji/web #32da78b2dfeb2f5353e3b14a54a1b30d356e979c
github.com/zenazn/goji/web/middleware #32da78b2dfeb2f5353e3b14a54a1b30d356e979c
